// !$*UTF8*$!
{
	archiveVersion = 1;
	classes = {
	};
	objectVersion = 77;
	objects = {

/* Begin PBXBuildFile section */
		7850050D2FBE962600DCEDB8 /* WidgetKit.framework in Frameworks */ = {isa = PBXBuildFile; fileRef = 7850050C2FBE962600DCEDB8 /* WidgetKit.framework */; };
		7850050F2FBE962600DCEDB8 /* SwiftUI.framework in Frameworks */ = {isa = PBXBuildFile; fileRef = 7850050E2FBE962600DCEDB8 /* SwiftUI.framework */; };
		7850051C2FBE962800DCEDB8 /* WindyKnitsWidgetExtension.appex in Embed Foundation Extensions */ = {isa = PBXBuildFile; fileRef = 7850050A2FBE962600DCEDB8 /* WindyKnitsWidgetExtension.appex */; settings = {ATTRIBUTES = (RemoveHeadersOnCopy, ); }; };
		7850052E2FBEA68500DCEDB8 /* SharedStore.swift in Sources */ = {isa = PBXBuildFile; fileRef = 7850052C2FBEA68500DCEDB8 /* SharedStore.swift */; };
		7850052F2FBEA68500DCEDB8 /* CounterIntents.swift in Sources */ = {isa = PBXBuildFile; fileRef = 7850052B2FBEA68500DCEDB8 /* CounterIntents.swift */; };
		785005302FBEA68500DCEDB8 /* SharedStore.swift in Sources */ = {isa = PBXBuildFile; fileRef = 7850052C2FBEA68500DCEDB8 /* SharedStore.swift */; };
		785005312FBEA68500DCEDB8 /* CounterIntents.swift in Sources */ = {isa = PBXBuildFile; fileRef = 7850052B2FBEA68500DCEDB8 /* CounterIntents.swift */; };
		D17E600000000000000031AA /* CounterActivityAttributes.swift in Sources */ = {isa = PBXBuildFile; fileRef = D17E600000000000000030AA /* CounterActivityAttributes.swift */; };
		D17E600000000000000032AA /* CounterActivityAttributes.swift in Sources */ = {isa = PBXBuildFile; fileRef = D17E600000000000000030AA /* CounterActivityAttributes.swift */; };
		D17E600000000000000041AA /* Palette.swift in Sources */ = {isa = PBXBuildFile; fileRef = D17E600000000000000040AA /* Palette.swift */; };
		D17E600000000000000042AA /* Palette.swift in Sources */ = {isa = PBXBuildFile; fileRef = D17E600000000000000040AA /* Palette.swift */; };
/* End PBXBuildFile section */

/* Begin PBXContainerItemProxy section */
		7850051A2FBE962800DCEDB8 /* PBXContainerItemProxy */ = {
			isa = PBXContainerItemProxy;
			containerPortal = 787E6DFB2FBCBDB000E9259A /* Project object */;
			proxyType = 1;
			remoteGlobalIDString = 785005092FBE962600DCEDB8;
			remoteInfo = WindyKnitsWidgetExtension;
		};
		D17E600000000000001010AA /* PBXContainerItemProxy */ = {
			isa = PBXContainerItemProxy;
			containerPortal = 787E6DFB2FBCBDB000E9259A /* Project object */;
			proxyType = 1;
			remoteGlobalIDString = 787E6E022FBCBDB000E9259A;
			remoteInfo = WindyKnits;
		};
/* End PBXContainerItemProxy section */

/* Begin PBXCopyFilesBuildPhase section */
		785005212FBE962800DCEDB8 /* Embed Foundation Extensions */ = {
			isa = PBXCopyFilesBuildPhase;
			buildActionMask = 2147483647;
			dstPath = "";
			dstSubfolderSpec = 13;
			files = (
				7850051C2FBE962800DCEDB8 /* WindyKnitsWidgetExtension.appex in Embed Foundation Extensions */,
			);
			name = "Embed Foundation Extensions";
			runOnlyForDeploymentPostprocessing = 0;
		};
/* End PBXCopyFilesBuildPhase section */

/* Begin PBXFileReference section */
		7850050A2FBE962600DCEDB8 /* WindyKnitsWidgetExtension.appex */ = {isa = PBXFileReference; explicitFileType = "wrapper.app-extension"; includeInIndex = 0; path = WindyKnitsWidgetExtension.appex; sourceTree = BUILT_PRODUCTS_DIR; };
		7850050C2FBE962600DCEDB8 /* WidgetKit.framework */ = {isa = PBXFileReference; lastKnownFileType = wrapper.framework; name = WidgetKit.framework; path = System/Library/Frameworks/WidgetKit.framework; sourceTree = SDKROOT; };
		7850050E2FBE962600DCEDB8 /* SwiftUI.framework */ = {isa = PBXFileReference; lastKnownFileType = wrapper.framework; name = SwiftUI.framework; path = System/Library/Frameworks/SwiftUI.framework; sourceTree = SDKROOT; };
		7850052B2FBEA68500DCEDB8 /* CounterIntents.swift */ = {isa = PBXFileReference; lastKnownFileType = sourcecode.swift; path = CounterIntents.swift; sourceTree = "<group>"; };
		7850052C2FBEA68500DCEDB8 /* SharedStore.swift */ = {isa = PBXFileReference; lastKnownFileType = sourcecode.swift; path = SharedStore.swift; sourceTree = "<group>"; };
		785005322FBEA88200DCEDB8 /* WindyKnitsWidgetExtension.entitlements */ = {isa = PBXFileReference; lastKnownFileType = text.plist.entitlements; path = WindyKnitsWidgetExtension.entitlements; sourceTree = "<group>"; };
		787E6E032FBCBDB000E9259A /* WindyKnits.app */ = {isa = PBXFileReference; explicitFileType = wrapper.application; includeInIndex = 0; path = WindyKnits.app; sourceTree = BUILT_PRODUCTS_DIR; };
		D17E600000000000000030AA /* CounterActivityAttributes.swift */ = {isa = PBXFileReference; lastKnownFileType = sourcecode.swift; path = CounterActivityAttributes.swift; sourceTree = "<group>"; };
		D17E600000000000000040AA /* Palette.swift */ = {isa = PBXFileReference; lastKnownFileType = sourcecode.swift; path = Palette.swift; sourceTree = "<group>"; };
		D17E600000000000001020AA /* WindyKnitsTests.xctest */ = {isa = PBXFileReference; explicitFileType = wrapper.cfbundle; includeInIndex = 0; path = WindyKnitsTests.xctest; sourceTree = BUILT_PRODUCTS_DIR; };
/* End PBXFileReference section */

/* Begin PBXFileSystemSynchronizedBuildFileExceptionSet section */
		D17E600000000000000020AA /* Exceptions for "WindyKnitsWidget" folder in "WindyKnitsWidgetExtension" target */ = {
			isa = PBXFileSystemSynchronizedBuildFileExceptionSet;
			membershipExceptions = (
				Info.plist,
			);
			target = 785005092FBE962600DCEDB8 /* WindyKnitsWidgetExtension */;
		};
/* End PBXFileSystemSynchronizedBuildFileExceptionSet section */

/* Begin PBXFileSystemSynchronizedRootGroup section */
		785005102FBE962600DCEDB8 /* WindyKnitsWidget */ = {
			isa = PBXFileSystemSynchronizedRootGroup;
			exceptions = (
				D17E600000000000000020AA /* Exceptions for "WindyKnitsWidget" folder in "WindyKnitsWidgetExtension" target */,
			);
			path = WindyKnitsWidget;
			sourceTree = "<group>";
		};
		787E6E052FBCBDB000E9259A /* WindyKnits */ = {
			isa = PBXFileSystemSynchronizedRootGroup;
			path = WindyKnits;
			sourceTree = "<group>";
		};
		D17E600000000000001030AA /* WindyKnitsTests */ = {
			isa = PBXFileSystemSynchronizedRootGroup;
			path = WindyKnitsTests;
			sourceTree = "<group>";
		};
/* End PBXFileSystemSynchronizedRootGroup section */

/* Begin PBXFrameworksBuildPhase section */
		785005072FBE962600DCEDB8 /* Frameworks */ = {
			isa = PBXFrameworksBuildPhase;
			buildActionMask = 2147483647;
			files = (
				7850050F2FBE962600DCEDB8 /* SwiftUI.framework in Frameworks */,
				7850050D2FBE962600DCEDB8 /* WidgetKit.framework in Frameworks */,
			);
			runOnlyForDeploymentPostprocessing = 0;
		};
		787E6E002FBCBDB000E9259A /* Frameworks */ = {
			isa = PBXFrameworksBuildPhase;
			buildActionMask = 2147483647;
			files = (
			);
			runOnlyForDeploymentPostprocessing = 0;
		};
		D17E600000000000001040AA /* Frameworks */ = {
			isa = PBXFrameworksBuildPhase;
			buildActionMask = 2147483647;
			files = (
			);
			runOnlyForDeploymentPostprocessing = 0;
		};
/* End PBXFrameworksBuildPhase section */

/* Begin PBXGroup section */
		7850050B2FBE962600DCEDB8 /* Frameworks */ = {
			isa = PBXGroup;
			children = (
				7850050C2FBE962600DCEDB8 /* WidgetKit.framework */,
				7850050E2FBE962600DCEDB8 /* SwiftUI.framework */,
			);
			name = Frameworks;
			sourceTree = "<group>";
		};
		7850052D2FBEA68500DCEDB8 /* Shared */ = {
			isa = PBXGroup;
			children = (
				D17E600000000000000030AA /* CounterActivityAttributes.swift */,
				7850052B2FBEA68500DCEDB8 /* CounterIntents.swift */,
				D17E600000000000000040AA /* Palette.swift */,
				7850052C2FBEA68500DCEDB8 /* SharedStore.swift */,
			);
			path = Shared;
			sourceTree = "<group>";
		};
		787E6DFA2FBCBDB000E9259A = {
			isa = PBXGroup;
			children = (
				785005322FBEA88200DCEDB8 /* WindyKnitsWidgetExtension.entitlements */,
				787E6E052FBCBDB000E9259A /* WindyKnits */,
				785005102FBE962600DCEDB8 /* WindyKnitsWidget */,
				D17E600000000000001030AA /* WindyKnitsTests */,
				7850050B2FBE962600DCEDB8 /* Frameworks */,
				787E6E042FBCBDB000E9259A /* Products */,
				7850052D2FBEA68500DCEDB8 /* Shared */,
			);
			sourceTree = "<group>";
		};
		787E6E042FBCBDB000E9259A /* Products */ = {
			isa = PBXGroup;
			children = (
				787E6E032FBCBDB000E9259A /* WindyKnits.app */,
				7850050A2FBE962600DCEDB8 /* WindyKnitsWidgetExtension.appex */,
				D17E600000000000001020AA /* WindyKnitsTests.xctest */,
			);
			name = Products;
			sourceTree = "<group>";
		};
/* End PBXGroup section */

/* Begin PBXNativeTarget section */
		785005092FBE962600DCEDB8 /* WindyKnitsWidgetExtension */ = {
			isa = PBXNativeTarget;
			buildConfigurationList = 7850051E2FBE962800DCEDB8 /* Build configuration list for PBXNativeTarget "WindyKnitsWidgetExtension" */;
			buildPhases = (
				785005062FBE962600DCEDB8 /* Sources */,
				785005072FBE962600DCEDB8 /* Frameworks */,
				785005082FBE962600DCEDB8 /* Resources */,
			);
			buildRules = (
			);
			dependencies = (
			);
			fileSystemSynchronizedGroups = (
				785005102FBE962600DCEDB8 /* WindyKnitsWidget */,
			);
			name = WindyKnitsWidgetExtension;
			packageProductDependencies = (
			);
			productName = WindyKnitsWidgetExtension;
			productReference = 7850050A2FBE962600DCEDB8 /* WindyKnitsWidgetExtension.appex */;
			productType = "com.apple.product-type.app-extension";
		};
		787E6E022FBCBDB000E9259A /* WindyKnits */ = {
			isa = PBXNativeTarget;
			buildConfigurationList = 787E6E0E2FBCBDB300E9259A /* Build configuration list for PBXNativeTarget "WindyKnits" */;
			buildPhases = (
				787E6DFF2FBCBDB000E9259A /* Sources */,
				787E6E002FBCBDB000E9259A /* Frameworks */,
				787E6E012FBCBDB000E9259A /* Resources */,
				785005212FBE962800DCEDB8 /* Embed Foundation Extensions */,
			);
			buildRules = (
			);
			dependencies = (
				7850051B2FBE962800DCEDB8 /* PBXTargetDependency */,
			);
			fileSystemSynchronizedGroups = (
				787E6E052FBCBDB000E9259A /* WindyKnits */,
			);
			name = WindyKnits;
			packageProductDependencies = (
			);
			productName = WindyKnits;
			productReference = 787E6E032FBCBDB000E9259A /* WindyKnits.app */;
			productType = "com.apple.product-type.application";
		};
		D17E600000000000001050AA /* WindyKnitsTests */ = {
			isa = PBXNativeTarget;
			buildConfigurationList = D17E600000000000001070AA /* Build configuration list for PBXNativeTarget "WindyKnitsTests" */;
			buildPhases = (
				D17E600000000000001060AA /* Sources */,
				D17E600000000000001040AA /* Frameworks */,
				D17E600000000000001045AA /* Resources */,
			);
			buildRules = (
			);
			dependencies = (
				D17E600000000000001011AA /* PBXTargetDependency */,
			);
			fileSystemSynchronizedGroups = (
				D17E600000000000001030AA /* WindyKnitsTests */,
			);
			name = WindyKnitsTests;
			packageProductDependencies = (
			);
			productName = WindyKnitsTests;
			productReference = D17E600000000000001020AA /* WindyKnitsTests.xctest */;
			productType = "com.apple.product-type.bundle.unit-test";
		};
/* End PBXNativeTarget section */

/* Begin PBXProject section */
		787E6DFB2FBCBDB000E9259A /* Project object */ = {
			isa = PBXProject;
			attributes = {
				BuildIndependentTargetsInParallel = 1;
				LastSwiftUpdateCheck = 2650;
				LastUpgradeCheck = 2650;
				TargetAttributes = {
					785005092FBE962600DCEDB8 = {
						CreatedOnToolsVersion = 26.5;
						LastSwiftMigration = 2650;
					};
					787E6E022FBCBDB000E9259A = {
						CreatedOnToolsVersion = 26.5;
					};
					D17E600000000000001050AA = {
						CreatedOnToolsVersion = 26.5;
						TestTargetID = 787E6E022FBCBDB000E9259A;
					};
				};
			};
			buildConfigurationList = 787E6DFE2FBCBDB000E9259A /* Build configuration list for PBXProject "WindyKnits" */;
			developmentRegion = en;
			hasScannedForEncodings = 0;
			knownRegions = (
				en,
				Base,
			);
			mainGroup = 787E6DFA2FBCBDB000E9259A;
			minimizedProjectReferenceProxies = 1;
			preferredProjectObjectVersion = 77;
			productRefGroup = 787E6E042FBCBDB000E9259A /* Products */;
			projectDirPath = "";
			projectRoot = "";
			targets = (
				787E6E022FBCBDB000E9259A /* WindyKnits */,
				785005092FBE962600DCEDB8 /* WindyKnitsWidgetExtension */,
				D17E600000000000001050AA /* WindyKnitsTests */,
			);
		};
/* End PBXProject section */

/* Begin PBXResourcesBuildPhase section */
		785005082FBE962600DCEDB8 /* Resources */ = {
			isa = PBXResourcesBuildPhase;
			buildActionMask = 2147483647;
			files = (
			);
			runOnlyForDeploymentPostprocessing = 0;
		};
		787E6E012FBCBDB000E9259A /* Resources */ = {
			isa = PBXResourcesBuildPhase;
			buildActionMask = 2147483647;
			files = (
			);
			runOnlyForDeploymentPostprocessing = 0;
		};
		D17E600000000000001045AA /* Resources */ = {
			isa = PBXResourcesBuildPhase;
			buildActionMask = 2147483647;
			files = (
			);
			runOnlyForDeploymentPostprocessing = 0;
		};
/* End PBXResourcesBuildPhase section */

/* Begin PBXSourcesBuildPhase section */
		785005062FBE962600DCEDB8 /* Sources */ = {
			isa = PBXSourcesBuildPhase;
			buildActionMask = 2147483647;
			files = (
				D17E600000000000000031AA /* CounterActivityAttributes.swift in Sources */,
				D17E600000000000000041AA /* Palette.swift in Sources */,
				785005302FBEA68500DCEDB8 /* SharedStore.swift in Sources */,
				785005312FBEA68500DCEDB8 /* CounterIntents.swift in Sources */,
			);
			runOnlyForDeploymentPostprocessing = 0;
		};
		787E6DFF2FBCBDB000E9259A /* Sources */ = {
			isa = PBXSourcesBuildPhase;
			buildActionMask = 2147483647;
			files = (
				D17E600000000000000032AA /* CounterActivityAttributes.swift in Sources */,
				D17E600000000000000042AA /* Palette.swift in Sources */,
				7850052E2FBEA68500DCEDB8 /* SharedStore.swift in Sources */,
				7850052F2FBEA68500DCEDB8 /* CounterIntents.swift in Sources */,
			);
			runOnlyForDeploymentPostprocessing = 0;
		};
		D17E600000000000001060AA /* Sources */ = {
			isa = PBXSourcesBuildPhase;
			buildActionMask = 2147483647;
			files = (
			);
			runOnlyForDeploymentPostprocessing = 0;
		};
/* End PBXSourcesBuildPhase section */

/* Begin PBXTargetDependency section */
		7850051B2FBE962800DCEDB8 /* PBXTargetDependency */ = {
			isa = PBXTargetDependency;
			target = 785005092FBE962600DCEDB8 /* WindyKnitsWidgetExtension */;
			targetProxy = 7850051A2FBE962800DCEDB8 /* PBXContainerItemProxy */;
		};
		D17E600000000000001011AA /* PBXTargetDependency */ = {
			isa = PBXTargetDependency;
			target = 787E6E022FBCBDB000E9259A /* WindyKnits */;
			targetProxy = D17E600000000000001010AA /* PBXContainerItemProxy */;
		};
/* End PBXTargetDependency section */

/* Begin XCBuildConfiguration section */
		7850051F2FBE962800DCEDB8 /* Debug */ = {
			isa = XCBuildConfiguration;
			buildSettings = {
				ASSETCATALOG_COMPILER_GLOBAL_ACCENT_COLOR_NAME = AccentColor;
				ASSETCATALOG_COMPILER_WIDGET_BACKGROUND_COLOR_NAME = WidgetBackground;
				CLANG_ENABLE_MODULES = YES;
				CODE_SIGN_ENTITLEMENTS = WindyKnitsWidgetExtension.entitlements;
				CODE_SIGN_STYLE = Automatic;
				CURRENT_PROJECT_VERSION = 1;
				DEVELOPMENT_TEAM = 72767AGBJ3;
				GENERATE_INFOPLIST_FILE = YES;
				INFOPLIST_FILE = WindyKnitsWidget/Info.plist;
				INFOPLIST_KEY_CFBundleDisplayName = WindyKnitsWidget;
				INFOPLIST_KEY_NSHumanReadableCopyright = "";
				LD_RUNPATH_SEARCH_PATHS = (
					"$(inherited)",
					"@executable_path/Frameworks",
					"@executable_path/../../Frameworks",
				);
				MARKETING_VERSION = 1.0;
				PRODUCT_BUNDLE_IDENTIFIER = dc.WindyKnits.WindyKnitsWidget;
				PRODUCT_NAME = "$(TARGET_NAME)";
				SKIP_INSTALL = YES;
				STRING_CATALOG_GENERATE_SYMBOLS = YES;
				SWIFT_APPROACHABLE_CONCURRENCY = YES;
				SWIFT_EMIT_LOC_STRINGS = YES;
				SWIFT_OPTIMIZATION_LEVEL = "-Onone";
				SWIFT_UPCOMING_FEATURE_MEMBER_IMPORT_VISIBILITY = YES;
				SWIFT_VERSION = 5.0;
				TARGETED_DEVICE_FAMILY = "1,2";
			};
			name = Debug;
		};
		785005202FBE962800DCEDB8 /* Release */ = {
			isa = XCBuildConfiguration;
			buildSettings = {
				ASSETCATALOG_COMPILER_GLOBAL_ACCENT_COLOR_NAME = AccentColor;
				ASSETCATALOG_COMPILER_WIDGET_BACKGROUND_COLOR_NAME = WidgetBackground;
				CLANG_ENABLE_MODULES = YES;
				CODE_SIGN_ENTITLEMENTS = WindyKnitsWidgetExtension.entitlements;
				CODE_SIGN_STYLE = Automatic;
				CURRENT_PROJECT_VERSION = 1;
				DEVELOPMENT_TEAM = 72767AGBJ3;
				GENERATE_INFOPLIST_FILE = YES;
				INFOPLIST_FILE = WindyKnitsWidget/Info.plist;
				INFOPLIST_KEY_CFBundleDisplayName = WindyKnitsWidget;
				INFOPLIST_KEY_NSHumanReadableCopyright = "";
				LD_RUNPATH_SEARCH_PATHS = (
					"$(inherited)",
					"@executable_path/Frameworks",
					"@executable_path/../../Frameworks",
				);
				MARKETING_VERSION = 1.0;
				PRODUCT_BUNDLE_IDENTIFIER = dc.WindyKnits.WindyKnitsWidget;
				PRODUCT_NAME = "$(TARGET_NAME)";
				SKIP_INSTALL = YES;
				STRING_CATALOG_GENERATE_SYMBOLS = YES;
				SWIFT_APPROACHABLE_CONCURRENCY = YES;
				SWIFT_EMIT_LOC_STRINGS = YES;
				SWIFT_UPCOMING_FEATURE_MEMBER_IMPORT_VISIBILITY = YES;
				SWIFT_VERSION = 5.0;
				TARGETED_DEVICE_FAMILY = "1,2";
			};
			name = Release;
		};
		787E6E0C2FBCBDB300E9259A /* Debug */ = {
			isa = XCBuildConfiguration;
			buildSettings = {
				ALWAYS_SEARCH_USER_PATHS = NO;
				ASSETCATALOG_COMPILER_GENERATE_SWIFT_ASSET_SYMBOL_EXTENSIONS = YES;
				CLANG_ANALYZER_NONNULL = YES;
				CLANG_ANALYZER_NUMBER_OBJECT_CONVERSION = YES_AGGRESSIVE;
				CLANG_CXX_LANGUAGE_STANDARD = "gnu++20";
				CLANG_ENABLE_MODULES = YES;
				CLANG_ENABLE_OBJC_ARC = YES;
				CLANG_ENABLE_OBJC_WEAK = YES;
				CLANG_WARN_BLOCK_CAPTURE_AUTORELEASING = YES;
				CLANG_WARN_BOOL_CONVERSION = YES;
				CLANG_WARN_COMMA = YES;
				CLANG_WARN_CONSTANT_CONVERSION = YES;
				CLANG_WARN_DEPRECATED_OBJC_IMPLEMENTATIONS = YES;
				CLANG_WARN_DIRECT_OBJC_ISA_USAGE = YES_ERROR;
				CLANG_WARN_DOCUMENTATION_COMMENTS = YES;
				CLANG_WARN_EMPTY_BODY = YES;
				CLANG_WARN_ENUM_CONVERSION = YES;
				CLANG_WARN_INFINITE_RECURSION = YES;
				CLANG_WARN_INT_CONVERSION = YES;
				CLANG_WARN_NON_LITERAL_NULL_CONVERSION = YES;
				CLANG_WARN_OBJC_IMPLICIT_RETAIN_SELF = YES;
				CLANG_WARN_OBJC_LITERAL_CONVERSION = YES;
				CLANG_WARN_OBJC_ROOT_CLASS = YES_ERROR;
				CLANG_WARN_QUOTED_INCLUDE_IN_FRAMEWORK_HEADER = YES;
				CLANG_WARN_RANGE_LOOP_ANALYSIS = YES;
				CLANG_WARN_STRICT_PROTOTYPES = YES;
				CLANG_WARN_SUSPICIOUS_MOVE = YES;
				CLANG_WARN_UNGUARDED_AVAILABILITY = YES_AGGRESSIVE;
				CLANG_WARN_UNREACHABLE_CODE = YES;
				CLANG_WARN__DUPLICATE_METHOD_MATCH = YES;
				COPY_PHASE_STRIP = NO;
				DEBUG_INFORMATION_FORMAT = dwarf;
				DEVELOPMENT_TEAM = 72767AGBJ3;
				ENABLE_STRICT_OBJC_MSGSEND = YES;
				ENABLE_TESTABILITY = YES;
				ENABLE_USER_SCRIPT_SANDBOXING = YES;
				GCC_C_LANGUAGE_STANDARD = gnu17;
				GCC_DYNAMIC_NO_PIC = NO;
				GCC_NO_COMMON_BLOCKS = YES;
				GCC_OPTIMIZATION_LEVEL = 0;
				GCC_PREPROCESSOR_DEFINITIONS = (
					"DEBUG=1",
					"$(inherited)",
				);
				GCC_WARN_64_TO_32_BIT_CONVERSION = YES;
				GCC_WARN_ABOUT_RETURN_TYPE = YES_ERROR;
				GCC_WARN_UNDECLARED_SELECTOR = YES;
				GCC_WARN_UNINITIALIZED_AUTOS = YES_AGGRESSIVE;
				GCC_WARN_UNUSED_FUNCTION = YES;
				GCC_WARN_UNUSED_VARIABLE = YES;
				IPHONEOS_DEPLOYMENT_TARGET = 26.5;
				LOCALIZATION_PREFERS_STRING_CATALOGS = YES;
				MTL_ENABLE_DEBUG_INFO = INCLUDE_SOURCE;
				MTL_FAST_MATH = YES;
				ONLY_ACTIVE_ARCH = YES;
				SDKROOT = iphoneos;
				SWIFT_ACTIVE_COMPILATION_CONDITIONS = "DEBUG $(inherited)";
				SWIFT_OPTIMIZATION_LEVEL = "-Onone";
			};
			name = Debug;
		};
		787E6E0D2FBCBDB300E9259A /* Release */ = {
			isa = XCBuildConfiguration;
			buildSettings = {
				ALWAYS_SEARCH_USER_PATHS = NO;
				ASSETCATALOG_COMPILER_GENERATE_SWIFT_ASSET_SYMBOL_EXTENSIONS = YES;
				CLANG_ANALYZER_NONNULL = YES;
				CLANG_ANALYZER_NUMBER_OBJECT_CONVERSION = YES_AGGRESSIVE;
				CLANG_CXX_LANGUAGE_STANDARD = "gnu++20";
				CLANG_ENABLE_MODULES = YES;
				CLANG_ENABLE_OBJC_ARC = YES;
				CLANG_ENABLE_OBJC_WEAK = YES;
				CLANG_WARN_BLOCK_CAPTURE_AUTORELEASING = YES;
				CLANG_WARN_BOOL_CONVERSION = YES;
				CLANG_WARN_COMMA = YES;
				CLANG_WARN_CONSTANT_CONVERSION = YES;
				CLANG_WARN_DEPRECATED_OBJC_IMPLEMENTATIONS = YES;
				CLANG_WARN_DIRECT_OBJC_ISA_USAGE = YES_ERROR;
				CLANG_WARN_DOCUMENTATION_COMMENTS = YES;
				CLANG_WARN_EMPTY_BODY = YES;
				CLANG_WARN_ENUM_CONVERSION = YES;
				CLANG_WARN_INFINITE_RECURSION = YES;
				CLANG_WARN_INT_CONVERSION = YES;
				CLANG_WARN_NON_LITERAL_NULL_CONVERSION = YES;
				CLANG_WARN_OBJC_IMPLICIT_RETAIN_SELF = YES;
				CLANG_WARN_OBJC_LITERAL_CONVERSION = YES;
				CLANG_WARN_OBJC_ROOT_CLASS = YES_ERROR;
				CLANG_WARN_QUOTED_INCLUDE_IN_FRAMEWORK_HEADER = YES;
				CLANG_WARN_RANGE_LOOP_ANALYSIS = YES;
				CLANG_WARN_STRICT_PROTOTYPES = YES;
				CLANG_WARN_SUSPICIOUS_MOVE = YES;
				CLANG_WARN_UNGUARDED_AVAILABILITY = YES_AGGRESSIVE;
				CLANG_WARN_UNREACHABLE_CODE = YES;
				CLANG_WARN__DUPLICATE_METHOD_MATCH = YES;
				COPY_PHASE_STRIP = NO;
				DEBUG_INFORMATION_FORMAT = "dwarf-with-dsym";
				DEVELOPMENT_TEAM = 72767AGBJ3;
				ENABLE_NS_ASSERTIONS = NO;
				ENABLE_STRICT_OBJC_MSGSEND = YES;
				ENABLE_USER_SCRIPT_SANDBOXING = YES;
				GCC_C_LANGUAGE_STANDARD = gnu17;
				GCC_NO_COMMON_BLOCKS = YES;
				GCC_WARN_64_TO_32_BIT_CONVERSION = YES;
				GCC_WARN_ABOUT_RETURN_TYPE = YES_ERROR;
				GCC_WARN_UNDECLARED_SELECTOR = YES;
				GCC_WARN_UNINITIALIZED_AUTOS = YES_AGGRESSIVE;
				GCC_WARN_UNUSED_FUNCTION = YES;
				GCC_WARN_UNUSED_VARIABLE = YES;
				IPHONEOS_DEPLOYMENT_TARGET = 26.5;
				LOCALIZATION_PREFERS_STRING_CATALOGS = YES;
				MTL_ENABLE_DEBUG_INFO = NO;
				MTL_FAST_MATH = YES;
				SDKROOT = iphoneos;
				SWIFT_COMPILATION_MODE = wholemodule;
				VALIDATE_PRODUCT = YES;
			};
			name = Release;
		};
		787E6E0F2FBCBDB300E9259A /* Debug */ = {
			isa = XCBuildConfiguration;
			buildSettings = {
				ASSETCATALOG_COMPILER_APPICON_NAME = AppIcon;
				ASSETCATALOG_COMPILER_GLOBAL_ACCENT_COLOR_NAME = AccentColor;
				CODE_SIGN_ENTITLEMENTS = WindyKnits/WindyKnits.entitlements;
				CODE_SIGN_STYLE = Automatic;
				CURRENT_PROJECT_VERSION = 1;
				DEVELOPMENT_TEAM = 72767AGBJ3;
				ENABLE_PREVIEWS = YES;
				GENERATE_INFOPLIST_FILE = YES;
				INFOPLIST_KEY_NSSupportsLiveActivities = YES;
				INFOPLIST_KEY_UIApplicationSceneManifest_Generation = YES;
				INFOPLIST_KEY_UIApplicationSupportsIndirectInputEvents = YES;
				INFOPLIST_KEY_UILaunchScreen_Generation = YES;
				INFOPLIST_KEY_UISupportedInterfaceOrientations_iPad = "UIInterfaceOrientationPortrait UIInterfaceOrientationPortraitUpsideDown UIInterfaceOrientationLandscapeLeft UIInterfaceOrientationLandscapeRight";
				INFOPLIST_KEY_UISupportedInterfaceOrientations_iPhone = "UIInterfaceOrientationPortrait UIInterfaceOrientationLandscapeLeft UIInterfaceOrientationLandscapeRight";
				LD_RUNPATH_SEARCH_PATHS = (
					"$(inherited)",
					"@executable_path/Frameworks",
				);
				MARKETING_VERSION = 1.0;
				PRODUCT_BUNDLE_IDENTIFIER = dc.WindyKnits;
				PRODUCT_NAME = "$(TARGET_NAME)";
				STRING_CATALOG_GENERATE_SYMBOLS = YES;
				SWIFT_APPROACHABLE_CONCURRENCY = YES;
				SWIFT_DEFAULT_ACTOR_ISOLATION = MainActor;
				SWIFT_EMIT_LOC_STRINGS = YES;
				SWIFT_UPCOMING_FEATURE_MEMBER_IMPORT_VISIBILITY = YES;
				SWIFT_VERSION = 5.0;
				TARGETED_DEVICE_FAMILY = "1,2";
			};
			name = Debug;
		};
		787E6E102FBCBDB300E9259A /* Release */ = {
			isa = XCBuildConfiguration;
			buildSettings = {
				ASSETCATALOG_COMPILER_APPICON_NAME = AppIcon;
				ASSETCATALOG_COMPILER_GLOBAL_ACCENT_COLOR_NAME = AccentColor;
				CODE_SIGN_ENTITLEMENTS = WindyKnits/WindyKnits.entitlements;
				CODE_SIGN_STYLE = Automatic;
				CURRENT_PROJECT_VERSION = 1;
				DEVELOPMENT_TEAM = 72767AGBJ3;
				ENABLE_PREVIEWS = YES;
				GENERATE_INFOPLIST_FILE = YES;
				INFOPLIST_KEY_NSSupportsLiveActivities = YES;
				INFOPLIST_KEY_UIApplicationSceneManifest_Generation = YES;
				INFOPLIST_KEY_UIApplicationSupportsIndirectInputEvents = YES;
				INFOPLIST_KEY_UILaunchScreen_Generation = YES;
				INFOPLIST_KEY_UISupportedInterfaceOrientations_iPad = "UIInterfaceOrientationPortrait UIInterfaceOrientationPortraitUpsideDown UIInterfaceOrientationLandscapeLeft UIInterfaceOrientationLandscapeRight";
				INFOPLIST_KEY_UISupportedInterfaceOrientations_iPhone = "UIInterfaceOrientationPortrait UIInterfaceOrientationLandscapeLeft UIInterfaceOrientationLandscapeRight";
				LD_RUNPATH_SEARCH_PATHS = (
					"$(inherited)",
					"@executable_path/Frameworks",
				);
				MARKETING_VERSION = 1.0;
				PRODUCT_BUNDLE_IDENTIFIER = dc.WindyKnits;
				PRODUCT_NAME = "$(TARGET_NAME)";
				STRING_CATALOG_GENERATE_SYMBOLS = YES;
				SWIFT_APPROACHABLE_CONCURRENCY = YES;
				SWIFT_DEFAULT_ACTOR_ISOLATION = MainActor;
				SWIFT_EMIT_LOC_STRINGS = YES;
				SWIFT_UPCOMING_FEATURE_MEMBER_IMPORT_VISIBILITY = YES;
				SWIFT_VERSION = 5.0;
				TARGETED_DEVICE_FAMILY = "1,2";
			};
			name = Release;
		};
		D17E600000000000001080AA /* Debug */ = {
			isa = XCBuildConfiguration;
			buildSettings = {
				BUNDLE_LOADER = "$(TEST_HOST)";
				CODE_SIGN_STYLE = Automatic;
				CURRENT_PROJECT_VERSION = 1;
				DEVELOPMENT_TEAM = 72767AGBJ3;
				GENERATE_INFOPLIST_FILE = YES;
				IPHONEOS_DEPLOYMENT_TARGET = 26.5;
				MARKETING_VERSION = 1.0;
				PRODUCT_BUNDLE_IDENTIFIER = dc.WindyKnitsTests;
				PRODUCT_NAME = "$(TARGET_NAME)";
				SDKROOT = iphoneos;
				SWIFT_APPROACHABLE_CONCURRENCY = YES;
				SWIFT_EMIT_LOC_STRINGS = NO;
				SWIFT_VERSION = 5.0;
				TARGETED_DEVICE_FAMILY = "1,2";
				TEST_HOST = "$(BUILT_PRODUCTS_DIR)/WindyKnits.app/$(BUNDLE_EXECUTABLE_FOLDER_PATH)/WindyKnits";
			};
			name = Debug;
		};
		D17E600000000000001090AA /* Release */ = {
			isa = XCBuildConfiguration;
			buildSettings = {
				BUNDLE_LOADER = "$(TEST_HOST)";
				CODE_SIGN_STYLE = Automatic;
				CURRENT_PROJECT_VERSION = 1;
				DEVELOPMENT_TEAM = 72767AGBJ3;
				GENERATE_INFOPLIST_FILE = YES;
				IPHONEOS_DEPLOYMENT_TARGET = 26.5;
				MARKETING_VERSION = 1.0;
				PRODUCT_BUNDLE_IDENTIFIER = dc.WindyKnitsTests;
				PRODUCT_NAME = "$(TARGET_NAME)";
				SDKROOT = iphoneos;
				SWIFT_APPROACHABLE_CONCURRENCY = YES;
				SWIFT_EMIT_LOC_STRINGS = NO;
				SWIFT_VERSION = 5.0;
				TARGETED_DEVICE_FAMILY = "1,2";
				TEST_HOST = "$(BUILT_PRODUCTS_DIR)/WindyKnits.app/$(BUNDLE_EXECUTABLE_FOLDER_PATH)/WindyKnits";
			};
			name = Release;
		};
/* End XCBuildConfiguration section */

/* Begin XCConfigurationList section */
		7850051E2FBE962800DCEDB8 /* Build configuration list for PBXNativeTarget "WindyKnitsWidgetExtension" */ = {
			isa = XCConfigurationList;
			buildConfigurations = (
				7850051F2FBE962800DCEDB8 /* Debug */,
				785005202FBE962800DCEDB8 /* Release */,
			);
			defaultConfigurationIsVisible = 0;
			defaultConfigurationName = Release;
		};
		787E6DFE2FBCBDB000E9259A /* Build configuration list for PBXProject "WindyKnits" */ = {
			isa = XCConfigurationList;
			buildConfigurations = (
				787E6E0C2FBCBDB300E9259A /* Debug */,
				787E6E0D2FBCBDB300E9259A /* Release */,
			);
			defaultConfigurationIsVisible = 0;
			defaultConfigurationName = Release;
		};
		787E6E0E2FBCBDB300E9259A /* Build configuration list for PBXNativeTarget "WindyKnits" */ = {
			isa = XCConfigurationList;
			buildConfigurations = (
				787E6E0F2FBCBDB300E9259A /* Debug */,
				787E6E102FBCBDB300E9259A /* Release */,
			);
			defaultConfigurationIsVisible = 0;
			defaultConfigurationName = Release;
		};
		D17E600000000000001070AA /* Build configuration list for PBXNativeTarget "WindyKnitsTests" */ = {
			isa = XCConfigurationList;
			buildConfigurations = (
				D17E600000000000001080AA /* Debug */,
				D17E600000000000001090AA /* Release */,
			);
			defaultConfigurationIsVisible = 0;
			defaultConfigurationName = Release;
		};
/* End XCConfigurationList section */
	};
	rootObject = 787E6DFB2FBCBDB000E9259A /* Project object */;
}
